// !$*UTF8*$!
{
	archiveVersion = 1;
	classes = {
	};
	objectVersion = 56;
	objects = {

/* Begin PBXBuildFile section */
		9B098A112B4E22E00036AF9C /* APICaller.swift in Sources */ = {isa = PBXBuildFile; fileRef = 9B098A102B4E22E00036AF9C /* APICaller.swift */; };
		9B459CFE2B497E0B00BEEF7E /* AppDelegate.swift in Sources */ = {isa = PBXBuildFile; fileRef = 9B459CFD2B497E0B00BEEF7E /* AppDelegate.swift */; };
		9B459D002B497E0B00BEEF7E /* SceneDelegate.swift in Sources */ = {isa = PBXBuildFile; fileRef = 9B459CFF2B497E0B00BEEF7E /* SceneDelegate.swift */; };
		9B459D022B497E0B00BEEF7E /* MainTabBarViewController.swift in Sources */ = {isa = PBXBuildFile; fileRef = 9B459D012B497E0B00BEEF7E /* MainTabBarViewController.swift */; };
		9B459D072B497E0C00BEEF7E /* Assets.xcassets in Resources */ = {isa = PBXBuildFile; fileRef = 9B459D062B497E0C00BEEF7E /* Assets.xcassets */; };
		9B459D0A2B497E0C00BEEF7E /* LaunchScreen.storyboard in Resources */ = {isa = PBXBuildFile; fileRef = 9B459D082B497E0C00BEEF7E /* LaunchScreen.storyboard */; };
		9B459D152B497E0D00BEEF7E /* NetflixCloneTests.swift in Sources */ = {isa = PBXBuildFile; fileRef = 9B459D142B497E0D00BEEF7E /* NetflixCloneTests.swift */; };
		9B459D1F2B497E0D00BEEF7E /* NetflixCloneUITests.swift in Sources */ = {isa = PBXBuildFile; fileRef = 9B459D1E2B497E0D00BEEF7E /* NetflixCloneUITests.swift */; };
		9B459D212B497E0D00BEEF7E /* NetflixCloneUITestsLaunchTests.swift in Sources */ = {isa = PBXBuildFile; fileRef = 9B459D202B497E0D00BEEF7E /* NetflixCloneUITestsLaunchTests.swift */; };
		9B459D332B49802800BEEF7E /* HomeViewController.swift in Sources */ = {isa = PBXBuildFile; fileRef = 9B459D322B49802800BEEF7E /* HomeViewController.swift */; };
		9B459D352B49804E00BEEF7E /* UpcomingViewController.swift in Sources */ = {isa = PBXBuildFile; fileRef = 9B459D342B49804E00BEEF7E /* UpcomingViewController.swift */; };
		9B459D372B49807800BEEF7E /* SearchViewController.swift in Sources */ = {isa = PBXBuildFile; fileRef = 9B459D362B49807800BEEF7E /* SearchViewController.swift */; };
		9B459D392B4980A700BEEF7E /* DownloadViewController.swift in Sources */ = {isa = PBXBuildFile; fileRef = 9B459D382B4980A700BEEF7E /* DownloadViewController.swift */; };
		9B459D402B49E99300BEEF7E /* CollectionViewTableViewCell.swift in Sources */ = {isa = PBXBuildFile; fileRef = 9B459D3F2B49E99300BEEF7E /* CollectionViewTableViewCell.swift */; };
		9B459D422B4A30DA00BEEF7E /* HeroHeaderUIView.swift in Sources */ = {isa = PBXBuildFile; fileRef = 9B459D412B4A30DA00BEEF7E /* HeroHeaderUIView.swift */; };
/* End PBXBuildFile section */

/* Begin PBXContainerItemProxy section */
		9B459D112B497E0C00BEEF7E /* PBXContainerItemProxy */ = {
			isa = PBXContainerItemProxy;
			containerPortal = 9B459CF22B497E0B00BEEF7E /* Project object */;
			proxyType = 1;
			remoteGlobalIDString = 9B459CF92B497E0B00BEEF7E;
			remoteInfo = NetflixClone;
		};
		9B459D1B2B497E0D00BEEF7E /* PBXContainerItemProxy */ = {
			isa = PBXContainerItemProxy;
			containerPortal = 9B459CF22B497E0B00BEEF7E /* Project object */;
			proxyType = 1;
			remoteGlobalIDString = 9B459CF92B497E0B00BEEF7E;
			remoteInfo = NetflixClone;
		};
/* End PBXContainerItemProxy section */

/* Begin PBXFileReference section */
		9B098A102B4E22E00036AF9C /* APICaller.swift */ = {isa = PBXFileReference; lastKnownFileType = sourcecode.swift; path = APICaller.swift; sourceTree = "<group>"; };
		9B459CFA2B497E0B00BEEF7E /* NetflixClone.app */ = {isa = PBXFileReference; explicitFileType = wrapper.application; includeInIndex = 0; path = NetflixClone.app; sourceTree = BUILT_PRODUCTS_DIR; };
		9B459CFD2B497E0B00BEEF7E /* AppDelegate.swift */ = {isa = PBXFileReference; lastKnownFileType = sourcecode.swift; path = AppDelegate.swift; sourceTree = "<group>"; };
		9B459CFF2B497E0B00BEEF7E /* SceneDelegate.swift */ = {isa = PBXFileReference; lastKnownFileType = sourcecode.swift; path = SceneDelegate.swift; sourceTree = "<group>"; };
		9B459D012B497E0B00BEEF7E /* MainTabBarViewController.swift */ = {isa = PBXFileReference; lastKnownFileType = sourcecode.swift; path = MainTabBarViewController.swift; sourceTree = "<group>"; };
		9B459D062B497E0C00BEEF7E /* Assets.xcassets */ = {isa = PBXFileReference; lastKnownFileType = folder.assetcatalog; path = Assets.xcassets; sourceTree = "<group>"; };
		9B459D092B497E0C00BEEF7E /* Base */ = {isa = PBXFileReference; lastKnownFileType = file.storyboard; name = Base; path = Base.lproj/LaunchScreen.storyboard; sourceTree = "<group>"; };
		9B459D0B2B497E0C00BEEF7E /* Info.plist */ = {isa = PBXFileReference; lastKnownFileType = text.plist.xml; path = Info.plist; sourceTree = "<group>"; };
		9B459D102B497E0C00BEEF7E /* NetflixCloneTests.xctest */ = {isa = PBXFileReference; explicitFileType = wrapper.cfbundle; includeInIndex = 0; path = NetflixCloneTests.xctest; sourceTree = BUILT_PRODUCTS_DIR; };
		9B459D142B497E0D00BEEF7E /* NetflixCloneTests.swift */ = {isa = PBXFileReference; lastKnownFileType = sourcecode.swift; path = NetflixCloneTests.swift; sourceTree = "<group>"; };
		9B459D1A2B497E0D00BEEF7E /* NetflixCloneUITests.xctest */ = {isa = PBXFileReference; explicitFileType = wrapper.cfbundle; includeInIndex = 0; path = NetflixCloneUITests.xctest; sourceTree = BUILT_PRODUCTS_DIR; };
		9B459D1E2B497E0D00BEEF7E /* NetflixCloneUITests.swift */ = {isa = PBXFileReference; lastKnownFileType = sourcecode.swift; path = NetflixCloneUITests.swift; sourceTree = "<group>"; };
		9B459D202B497E0D00BEEF7E /* NetflixCloneUITestsLaunchTests.swift */ = {isa = PBXFileReference; lastKnownFileType = sourcecode.swift; path = NetflixCloneUITestsLaunchTests.swift; sourceTree = "<group>"; };
		9B459D322B49802800BEEF7E /* HomeViewController.swift */ = {isa = PBXFileReference; lastKnownFileType = sourcecode.swift; path = HomeViewController.swift; sourceTree = "<group>"; };
		9B459D342B49804E00BEEF7E /* UpcomingViewController.swift */ = {isa = PBXFileReference; lastKnownFileType = sourcecode.swift; path = UpcomingViewController.swift; sourceTree = "<group>"; };
		9B459D362B49807800BEEF7E /* SearchViewController.swift */ = {isa = PBXFileReference; lastKnownFileType = sourcecode.swift; path = SearchViewController.swift; sourceTree = "<group>"; };
		9B459D382B4980A700BEEF7E /* DownloadViewController.swift */ = {isa = PBXFileReference; lastKnownFileType = sourcecode.swift; path = DownloadViewController.swift; sourceTree = "<group>"; };
		9B459D3F2B49E99300BEEF7E /* CollectionViewTableViewCell.swift */ = {isa = PBXFileReference; lastKnownFileType = sourcecode.swift; path = CollectionViewTableViewCell.swift; sourceTree = "<group>"; };
		9B459D412B4A30DA00BEEF7E /* HeroHeaderUIView.swift */ = {isa = PBXFileReference; lastKnownFileType = sourcecode.swift; path = HeroHeaderUIView.swift; sourceTree = "<group>"; };
/* End PBXFileReference section */

/* Begin PBXFrameworksBuildPhase section */
		9B459CF72B497E0B00BEEF7E /* Frameworks */ = {
			isa = PBXFrameworksBuildPhase;
			buildActionMask = 2147483647;
			files = (
			);
			runOnlyForDeploymentPostprocessing = 0;
		};
		9B459D0D2B497E0C00BEEF7E /* Frameworks */ = {
			isa = PBXFrameworksBuildPhase;
			buildActionMask = 2147483647;
			files = (
			);
			runOnlyForDeploymentPostprocessing = 0;
		};
		9B459D172B497E0D00BEEF7E /* Frameworks */ = {
			isa = PBXFrameworksBuildPhase;
			buildActionMask = 2147483647;
			files = (
			);
			runOnlyForDeploymentPostprocessing = 0;
		};
/* End PBXFrameworksBuildPhase section */

/* Begin PBXGroup section */
		9B459CF12B497E0B00BEEF7E = {
			isa = PBXGroup;
			children = (
				9B459CFC2B497E0B00BEEF7E /* NetflixClone */,
				9B459D132B497E0C00BEEF7E /* NetflixCloneTests */,
				9B459D1D2B497E0D00BEEF7E /* NetflixCloneUITests */,
				9B459CFB2B497E0B00BEEF7E /* Products */,
			);
			sourceTree = "<group>";
		};
		9B459CFB2B497E0B00BEEF7E /* Products */ = {
			isa = PBXGroup;
			children = (
				9B459CFA2B497E0B00BEEF7E /* NetflixClone.app */,
				9B459D102B497E0C00BEEF7E /* NetflixCloneTests.xctest */,
				9B459D1A2B497E0D00BEEF7E /* NetflixCloneUITests.xctest */,
			);
			name = Products;
			sourceTree = "<group>";
		};
		9B459CFC2B497E0B00BEEF7E /* NetflixClone */ = {
			isa = PBXGroup;
			children = (
				9B459D3E2B49E93900BEEF7E /* Managers */,
				9B459D3D2B49E93100BEEF7E /* Resources */,
				9B459D3C2B49E91300BEEF7E /* Models */,
				9B459D3B2B49E90D00BEEF7E /* Views */,
				9B459D3A2B49E90500BEEF7E /* ViewModels */,
				9B459D2D2B497FC500BEEF7E /* Controllers */,
				9B459CFD2B497E0B00BEEF7E /* AppDelegate.swift */,
				9B459CFF2B497E0B00BEEF7E /* SceneDelegate.swift */,
				9B459D012B497E0B00BEEF7E /* MainTabBarViewController.swift */,
				9B459D062B497E0C00BEEF7E /* Assets.xcassets */,
				9B459D082B497E0C00BEEF7E /* LaunchScreen.storyboard */,
				9B459D0B2B497E0C00BEEF7E /* Info.plist */,
			);
			path = NetflixClone;
			sourceTree = "<group>";
		};
		9B459D132B497E0C00BEEF7E /* NetflixCloneTests */ = {
			isa = PBXGroup;
			children = (
				9B459D142B497E0D00BEEF7E /* NetflixCloneTests.swift */,
			);
			path = NetflixCloneTests;
			sourceTree = "<group>";
		};
		9B459D1D2B497E0D00BEEF7E /* NetflixCloneUITests */ = {
			isa = PBXGroup;
			children = (
				9B459D1E2B497E0D00BEEF7E /* NetflixCloneUITests.swift */,
				9B459D202B497E0D00BEEF7E /* NetflixCloneUITestsLaunchTests.swift */,
			);
			path = NetflixCloneUITests;
			sourceTree = "<group>";
		};
		9B459D2D2B497FC500BEEF7E /* Controllers */ = {
			isa = PBXGroup;
			children = (
				9B459D322B49802800BEEF7E /* HomeViewController.swift */,
				9B459D342B49804E00BEEF7E /* UpcomingViewController.swift */,
				9B459D362B49807800BEEF7E /* SearchViewController.swift */,
				9B459D382B4980A700BEEF7E /* DownloadViewController.swift */,
			);
			path = Controllers;
			sourceTree = "<group>";
		};
		9B459D3A2B49E90500BEEF7E /* ViewModels */ = {
			isa = PBXGroup;
			children = (
			);
			path = ViewModels;
			sourceTree = "<group>";
		};
		9B459D3B2B49E90D00BEEF7E /* Views */ = {
			isa = PBXGroup;
			children = (
				9B459D3F2B49E99300BEEF7E /* CollectionViewTableViewCell.swift */,
				9B459D412B4A30DA00BEEF7E /* HeroHeaderUIView.swift */,
			);
			path = Views;
			sourceTree = "<group>";
		};
		9B459D3C2B49E91300BEEF7E /* Models */ = {
			isa = PBXGroup;
			children = (
			);
			path = Models;
			sourceTree = "<group>";
		};
		9B459D3D2B49E93100BEEF7E /* Resources */ = {
			isa = PBXGroup;
			children = (
			);
			path = Resources;
			sourceTree = "<group>";
		};
		9B459D3E2B49E93900BEEF7E /* Managers */ = {
			isa = PBXGroup;
			children = (
				9B098A102B4E22E00036AF9C /* APICaller.swift */,
			);
			path = Managers;
			sourceTree = "<group>";
		};
/* End PBXGroup section */

/* Begin PBXNativeTarget section */
		9B459CF92B497E0B00BEEF7E /* NetflixClone */ = {
			isa = PBXNativeTarget;
			buildConfigurationList = 9B459D242B497E0D00BEEF7E /* Build configuration list for PBXNativeTarget "NetflixClone" */;
			buildPhases = (
				9B459CF62B497E0B00BEEF7E /* Sources */,
				9B459CF72B497E0B00BEEF7E /* Frameworks */,
				9B459CF82B497E0B00BEEF7E /* Resources */,
			);
			buildRules = (
			);
			dependencies = (
			);
			name = NetflixClone;
			productName = NetflixClone;
			productReference = 9B459CFA2B497E0B00BEEF7E /* NetflixClone.app */;
			productType = "com.apple.product-type.application";
		};
		9B459D0F2B497E0C00BEEF7E /* NetflixCloneTests */ = {
			isa = PBXNativeTarget;
			buildConfigurationList = 9B459D272B497E0D00BEEF7E /* Build configuration list for PBXNativeTarget "NetflixCloneTests" */;
			buildPhases = (
				9B459D0C2B497E0C00BEEF7E /* Sources */,
				9B459D0D2B497E0C00BEEF7E /* Frameworks */,
				9B459D0E2B497E0C00BEEF7E /* Resources */,
			);
			buildRules = (
			);
			dependencies = (
				9B459D122B497E0C00BEEF7E /* PBXTargetDependency */,
			);
			name = NetflixCloneTests;
			productName = NetflixCloneTests;
			productReference = 9B459D102B497E0C00BEEF7E /* NetflixCloneTests.xctest */;
			productType = "com.apple.product-type.bundle.unit-test";
		};
		9B459D192B497E0D00BEEF7E /* NetflixCloneUITests */ = {
			isa = PBXNativeTarget;
			buildConfigurationList = 9B459D2A2B497E0D00BEEF7E /* Build configuration list for PBXNativeTarget "NetflixCloneUITests" */;
			buildPhases = (
				9B459D162B497E0D00BEEF7E /* Sources */,
				9B459D172B497E0D00BEEF7E /* Frameworks */,
				9B459D182B497E0D00BEEF7E /* Resources */,
			);
			buildRules = (
			);
			dependencies = (
				9B459D1C2B497E0D00BEEF7E /* PBXTargetDependency */,
			);
			name = NetflixCloneUITests;
			productName = NetflixCloneUITests;
			productReference = 9B459D1A2B497E0D00BEEF7E /* NetflixCloneUITests.xctest */;
			productType = "com.apple.product-type.bundle.ui-testing";
		};
/* End PBXNativeTarget section */

/* Begin PBXProject section */
		9B459CF22B497E0B00BEEF7E /* Project object */ = {
			isa = PBXProject;
			attributes = {
				BuildIndependentTargetsInParallel = 1;
				LastSwiftUpdateCheck = 1430;
				LastUpgradeCheck = 1430;
				TargetAttributes = {
					9B459CF92B497E0B00BEEF7E = {
						CreatedOnToolsVersion = 14.3.1;
					};
					9B459D0F2B497E0C00BEEF7E = {
						CreatedOnToolsVersion = 14.3.1;
						TestTargetID = 9B459CF92B497E0B00BEEF7E;
					};
					9B459D192B497E0D00BEEF7E = {
						CreatedOnToolsVersion = 14.3.1;
						TestTargetID = 9B459CF92B497E0B00BEEF7E;
					};
				};
			};
			buildConfigurationList = 9B459CF52B497E0B00BEEF7E /* Build configuration list for PBXProject "NetflixClone" */;
			compatibilityVersion = "Xcode 14.0";
			developmentRegion = en;
			hasScannedForEncodings = 0;
			knownRegions = (
				en,
				Base,
			);
			mainGroup = 9B459CF12B497E0B00BEEF7E;
			productRefGroup = 9B459CFB2B497E0B00BEEF7E /* Products */;
			projectDirPath = "";
			projectRoot = "";
			targets = (
				9B459CF92B497E0B00BEEF7E /* NetflixClone */,
				9B459D0F2B497E0C00BEEF7E /* NetflixCloneTests */,
				9B459D192B497E0D00BEEF7E /* NetflixCloneUITests */,
			);
		};
/* End PBXProject section */

/* Begin PBXResourcesBuildPhase section */
		9B459CF82B497E0B00BEEF7E /* Resources */ = {
			isa = PBXResourcesBuildPhase;
			buildActionMask = 2147483647;
			files = (
				9B459D0A2B497E0C00BEEF7E /* LaunchScreen.storyboard in Resources */,
				9B459D072B497E0C00BEEF7E /* Assets.xcassets in Resources */,
			);
			runOnlyForDeploymentPostprocessing = 0;
		};
		9B459D0E2B497E0C00BEEF7E /* Resources */ = {
			isa = PBXResourcesBuildPhase;
			buildActionMask = 2147483647;
			files = (
			);
			runOnlyForDeploymentPostprocessing = 0;
		};
		9B459D182B497E0D00BEEF7E /* Resources */ = {
			isa = PBXResourcesBuildPhase;
			buildActionMask = 2147483647;
			files = (
			);
			runOnlyForDeploymentPostprocessing = 0;
		};
/* End PBXResourcesBuildPhase section */

/* Begin PBXSourcesBuildPhase section */
		9B459CF62B497E0B00BEEF7E /* Sources */ = {
			isa = PBXSourcesBuildPhase;
			buildActionMask = 2147483647;
			files = (
				9B459D372B49807800BEEF7E /* SearchViewController.swift in Sources */,
				9B459D022B497E0B00BEEF7E /* MainTabBarViewController.swift in Sources */,
				9B459D402B49E99300BEEF7E /* CollectionViewTableViewCell.swift in Sources */,
				9B098A112B4E22E00036AF9C /* APICaller.swift in Sources */,
				9B459D422B4A30DA00BEEF7E /* HeroHeaderUIView.swift in Sources */,
				9B459CFE2B497E0B00BEEF7E /* AppDelegate.swift in Sources */,
				9B459D392B4980A700BEEF7E /* DownloadViewController.swift in Sources */,
				9B459D002B497E0B00BEEF7E /* SceneDelegate.swift in Sources */,
				9B459D352B49804E00BEEF7E /* UpcomingViewController.swift in Sources */,
				9B459D332B49802800BEEF7E /* HomeViewController.swift in Sources */,
			);
			runOnlyForDeploymentPostprocessing = 0;
		};
		9B459D0C2B497E0C00BEEF7E /* Sources */ = {
			isa = PBXSourcesBuildPhase;
			buildActionMask = 2147483647;
			files = (
				9B459D152B497E0D00BEEF7E /* NetflixCloneTests.swift in Sources */,
			);
			runOnlyForDeploymentPostprocessing = 0;
		};
		9B459D162B497E0D00BEEF7E /* Sources */ = {
			isa = PBXSourcesBuildPhase;
			buildActionMask = 2147483647;
			files = (
				9B459D1F2B497E0D00BEEF7E /* NetflixCloneUITests.swift in Sources */,
				9B459D212B497E0D00BEEF7E /* NetflixCloneUITestsLaunchTests.swift in Sources */,
			);
			runOnlyForDeploymentPostprocessing = 0;
		};
/* End PBXSourcesBuildPhase section */

/* Begin PBXTargetDependency section */
		9B459D122B497E0C00BEEF7E /* PBXTargetDependency */ = {
			isa = PBXTargetDependency;
			target = 9B459CF92B497E0B00BEEF7E /* NetflixClone */;
			targetProxy = 9B459D112B497E0C00BEEF7E /* PBXContainerItemProxy */;
		};
		9B459D1C2B497E0D00BEEF7E /* PBXTargetDependency */ = {
			isa = PBXTargetDependency;
			target = 9B459CF92B497E0B00BEEF7E /* NetflixClone */;
			targetProxy = 9B459D1B2B497E0D00BEEF7E /* PBXContainerItemProxy */;
		};
/* End PBXTargetDependency section */

/* Begin PBXVariantGroup section */
		9B459D082B497E0C00BEEF7E /* LaunchScreen.storyboard */ = {
			isa = PBXVariantGroup;
			children = (
				9B459D092B497E0C00BEEF7E /* Base */,
			);
			name = LaunchScreen.storyboard;
			sourceTree = "<group>";
		};
/* End PBXVariantGroup section */

/* Begin XCBuildConfiguration section */
		9B459D222B497E0D00BEEF7E /* Debug */ = {
			isa = XCBuildConfiguration;
			buildSettings = {
				ALWAYS_SEARCH_USER_PATHS = NO;
				CLANG_ANALYZER_NONNULL = YES;
				CLANG_ANALYZER_NUMBER_OBJECT_CONVERSION = YES_AGGRESSIVE;
				CLANG_CXX_LANGUAGE_STANDARD = "gnu++20";
				CLANG_ENABLE_MODULES = YES;
				CLANG_ENABLE_OBJC_ARC = YES;
				CLANG_ENABLE_OBJC_WEAK = YES;
				CLANG_WARN_BLOCK_CAPTURE_AUTORELEASING = YES;
				CLANG_WARN_BOOL_CONVERSION = YES;
				CLANG_WARN_COMMA = YES;
				CLANG_WARN_CONSTANT_CONVERSION = YES;
				CLANG_WARN_DEPRECATED_OBJC_IMPLEMENTATIONS = YES;
				CLANG_WARN_DIRECT_OBJC_ISA_USAGE = YES_ERROR;
				CLANG_WARN_DOCUMENTATION_COMMENTS = YES;
				CLANG_WARN_EMPTY_BODY = YES;
				CLANG_WARN_ENUM_CONVERSION = YES;
				CLANG_WARN_INFINITE_RECURSION = YES;
				CLANG_WARN_INT_CONVERSION = YES;
				CLANG_WARN_NON_LITERAL_NULL_CONVERSION = YES;
				CLANG_WARN_OBJC_IMPLICIT_RETAIN_SELF = YES;
				CLANG_WARN_OBJC_LITERAL_CONVERSION = YES;
				CLANG_WARN_OBJC_ROOT_CLASS = YES_ERROR;
				CLANG_WARN_QUOTED_INCLUDE_IN_FRAMEWORK_HEADER = YES;
				CLANG_WARN_RANGE_LOOP_ANALYSIS = YES;
				CLANG_WARN_STRICT_PROTOTYPES = YES;
				CLANG_WARN_SUSPICIOUS_MOVE = YES;
				CLANG_WARN_UNGUARDED_AVAILABILITY = YES_AGGRESSIVE;
				CLANG_WARN_UNREACHABLE_CODE = YES;
				CLANG_WARN__DUPLICATE_METHOD_MATCH = YES;
				COPY_PHASE_STRIP = NO;
				DEBUG_INFORMATION_FORMAT = dwarf;
				ENABLE_STRICT_OBJC_MSGSEND = YES;
				ENABLE_TESTABILITY = YES;
				GCC_C_LANGUAGE_STANDARD = gnu11;
				GCC_DYNAMIC_NO_PIC = NO;
				GCC_NO_COMMON_BLOCKS = YES;
				GCC_OPTIMIZATION_LEVEL = 0;
				GCC_PREPROCESSOR_DEFINITIONS = (
					"DEBUG=1",
					"$(inherited)",
				);
				GCC_WARN_64_TO_32_BIT_CONVERSION = YES;
				GCC_WARN_ABOUT_RETURN_TYPE = YES_ERROR;
				GCC_WARN_UNDECLARED_SELECTOR = YES;
				GCC_WARN_UNINITIALIZED_AUTOS = YES_AGGRESSIVE;
				GCC_WARN_UNUSED_FUNCTION = YES;
				GCC_WARN_UNUSED_VARIABLE = YES;
				IPHONEOS_DEPLOYMENT_TARGET = 16.4;
				MTL_ENABLE_DEBUG_INFO = INCLUDE_SOURCE;
				MTL_FAST_MATH = YES;
				ONLY_ACTIVE_ARCH = YES;
				SDKROOT = iphoneos;
				SWIFT_ACTIVE_COMPILATION_CONDITIONS = DEBUG;
				SWIFT_OPTIMIZATION_LEVEL = "-Onone";
			};
			name = Debug;
		};
		9B459D232B497E0D00BEEF7E /* Release */ = {
			isa = XCBuildConfiguration;
			buildSettings = {
				ALWAYS_SEARCH_USER_PATHS = NO;
				CLANG_ANALYZER_NONNULL = YES;
				CLANG_ANALYZER_NUMBER_OBJECT_CONVERSION = YES_AGGRESSIVE;
				CLANG_CXX_LANGUAGE_STANDARD = "gnu++20";
				CLANG_ENABLE_MODULES = YES;
				CLANG_ENABLE_OBJC_ARC = YES;
				CLANG_ENABLE_OBJC_WEAK = YES;
				CLANG_WARN_BLOCK_CAPTURE_AUTORELEASING = YES;
				CLANG_WARN_BOOL_CONVERSION = YES;
				CLANG_WARN_COMMA = YES;
				CLANG_WARN_CONSTANT_CONVERSION = YES;
				CLANG_WARN_DEPRECATED_OBJC_IMPLEMENTATIONS = YES;
				CLANG_WARN_DIRECT_OBJC_ISA_USAGE = YES_ERROR;
				CLANG_WARN_DOCUMENTATION_COMMENTS = YES;
				CLANG_WARN_EMPTY_BODY = YES;
				CLANG_WARN_ENUM_CONVERSION = YES;
				CLANG_WARN_INFINITE_RECURSION = YES;
				CLANG_WARN_INT_CONVERSION = YES;
				CLANG_WARN_NON_LITERAL_NULL_CONVERSION = YES;
				CLANG_WARN_OBJC_IMPLICIT_RETAIN_SELF = YES;
				CLANG_WARN_OBJC_LITERAL_CONVERSION = YES;
				CLANG_WARN_OBJC_ROOT_CLASS = YES_ERROR;
				CLANG_WARN_QUOTED_INCLUDE_IN_FRAMEWORK_HEADER = YES;
				CLANG_WARN_RANGE_LOOP_ANALYSIS = YES;
				CLANG_WARN_STRICT_PROTOTYPES = YES;
				CLANG_WARN_SUSPICIOUS_MOVE = YES;
				CLANG_WARN_UNGUARDED_AVAILABILITY = YES_AGGRESSIVE;
				CLANG_WARN_UNREACHABLE_CODE = YES;
				CLANG_WARN__DUPLICATE_METHOD_MATCH = YES;
				COPY_PHASE_STRIP = NO;
				DEBUG_INFORMATION_FORMAT = "dwarf-with-dsym";
				ENABLE_NS_ASSERTIONS = NO;
				ENABLE_STRICT_OBJC_MSGSEND = YES;
				GCC_C_LANGUAGE_STANDARD = gnu11;
				GCC_NO_COMMON_BLOCKS = YES;
				GCC_WARN_64_TO_32_BIT_CONVERSION = YES;
				GCC_WARN_ABOUT_RETURN_TYPE = YES_ERROR;
				GCC_WARN_UNDECLARED_SELECTOR = YES;
				GCC_WARN_UNINITIALIZED_AUTOS = YES_AGGRESSIVE;
				GCC_WARN_UNUSED_FUNCTION = YES;
				GCC_WARN_UNUSED_VARIABLE = YES;
				IPHONEOS_DEPLOYMENT_TARGET = 16.4;
				MTL_ENABLE_DEBUG_INFO = NO;
				MTL_FAST_MATH = YES;
				SDKROOT = iphoneos;
				SWIFT_COMPILATION_MODE = wholemodule;
				SWIFT_OPTIMIZATION_LEVEL = "-O";
				VALIDATE_PRODUCT = YES;
			};
			name = Release;
		};
		9B459D252B497E0D00BEEF7E /* Debug */ = {
			isa = XCBuildConfiguration;
			buildSettings = {
				ASSETCATALOG_COMPILER_APPICON_NAME = AppIcon;
				ASSETCATALOG_COMPILER_GLOBAL_ACCENT_COLOR_NAME = AccentColor;
				CODE_SIGN_STYLE = Automatic;
				CURRENT_PROJECT_VERSION = 1;
				GENERATE_INFOPLIST_FILE = YES;
				INFOPLIST_FILE = NetflixClone/Info.plist;
				INFOPLIST_KEY_UIApplicationSupportsIndirectInputEvents = YES;
				INFOPLIST_KEY_UILaunchStoryboardName = LaunchScreen;
				INFOPLIST_KEY_UISupportedInterfaceOrientations_iPad = "UIInterfaceOrientationPortrait UIInterfaceOrientationPortraitUpsideDown UIInterfaceOrientationLandscapeLeft UIInterfaceOrientationLandscapeRight";
				INFOPLIST_KEY_UISupportedInterfaceOrientations_iPhone = "UIInterfaceOrientationPortrait UIInterfaceOrientationLandscapeLeft UIInterfaceOrientationLandscapeRight";
				LD_RUNPATH_SEARCH_PATHS = (
					"$(inherited)",
					"@executable_path/Frameworks",
				);
				MARKETING_VERSION = 1.0;
				PRODUCT_BUNDLE_IDENTIFIER = test.NetflixClone;
				PRODUCT_NAME = "$(TARGET_NAME)";
				SWIFT_EMIT_LOC_STRINGS = YES;
				SWIFT_VERSION = 5.0;
				TARGETED_DEVICE_FAMILY = "1,2";
			};
			name = Debug;
		};
		9B459D262B497E0D00BEEF7E /* Release */ = {
			isa = XCBuildConfiguration;
			buildSettings = {
				ASSETCATALOG_COMPILER_APPICON_NAME = AppIcon;
				ASSETCATALOG_COMPILER_GLOBAL_ACCENT_COLOR_NAME = AccentColor;
				CODE_SIGN_STYLE = Automatic;
				CURRENT_PROJECT_VERSION = 1;
				GENERATE_INFOPLIST_FILE = YES;
				INFOPLIST_FILE = NetflixClone/Info.plist;
				INFOPLIST_KEY_UIApplicationSupportsIndirectInputEvents = YES;
				INFOPLIST_KEY_UILaunchStoryboardName = LaunchScreen;
				INFOPLIST_KEY_UISupportedInterfaceOrientations_iPad = "UIInterfaceOrientationPortrait UIInterfaceOrientationPortraitUpsideDown UIInterfaceOrientationLandscapeLeft UIInterfaceOrientationLandscapeRight";
				INFOPLIST_KEY_UISupportedInterfaceOrientations_iPhone = "UIInterfaceOrientationPortrait UIInterfaceOrientationLandscapeLeft UIInterfaceOrientationLandscapeRight";
				LD_RUNPATH_SEARCH_PATHS = (
					"$(inherited)",
					"@executable_path/Frameworks",
				);
				MARKETING_VERSION = 1.0;
				PRODUCT_BUNDLE_IDENTIFIER = test.NetflixClone;
				PRODUCT_NAME = "$(TARGET_NAME)";
				SWIFT_EMIT_LOC_STRINGS = YES;
				SWIFT_VERSION = 5.0;
				TARGETED_DEVICE_FAMILY = "1,2";
			};
			name = Release;
		};
		9B459D282B497E0D00BEEF7E /* Debug */ = {
			isa = XCBuildConfiguration;
			buildSettings = {
				ALWAYS_EMBED_SWIFT_STANDARD_LIBRARIES = YES;
				BUNDLE_LOADER = "$(TEST_HOST)";
				CODE_SIGN_STYLE = Automatic;
				CURRENT_PROJECT_VERSION = 1;
				GENERATE_INFOPLIST_FILE = YES;
				IPHONEOS_DEPLOYMENT_TARGET = 16.4;
				MARKETING_VERSION = 1.0;
				PRODUCT_BUNDLE_IDENTIFIER = test.NetflixCloneTests;
				PRODUCT_NAME = "$(TARGET_NAME)";
				SWIFT_EMIT_LOC_STRINGS = NO;
				SWIFT_VERSION = 5.0;
				TARGETED_DEVICE_FAMILY = "1,2";
				TEST_HOST = "$(BUILT_PRODUCTS_DIR)/NetflixClone.app/$(BUNDLE_EXECUTABLE_FOLDER_PATH)/NetflixClone";
			};
			name = Debug;
		};
		9B459D292B497E0D00BEEF7E /* Release */ = {
			isa = XCBuildConfiguration;
			buildSettings = {
				ALWAYS_EMBED_SWIFT_STANDARD_LIBRARIES = YES;
				BUNDLE_LOADER = "$(TEST_HOST)";
				CODE_SIGN_STYLE = Automatic;
				CURRENT_PROJECT_VERSION = 1;
				GENERATE_INFOPLIST_FILE = YES;
				IPHONEOS_DEPLOYMENT_TARGET = 16.4;
				MARKETING_VERSION = 1.0;
				PRODUCT_BUNDLE_IDENTIFIER = test.NetflixCloneTests;
				PRODUCT_NAME = "$(TARGET_NAME)";
				SWIFT_EMIT_LOC_STRINGS = NO;
				SWIFT_VERSION = 5.0;
				TARGETED_DEVICE_FAMILY = "1,2";
				TEST_HOST = "$(BUILT_PRODUCTS_DIR)/NetflixClone.app/$(BUNDLE_EXECUTABLE_FOLDER_PATH)/NetflixClone";
			};
			name = Release;
		};
		9B459D2B2B497E0D00BEEF7E /* Debug */ = {
			isa = XCBuildConfiguration;
			buildSettings = {
				ALWAYS_EMBED_SWIFT_STANDARD_LIBRARIES = YES;
				CODE_SIGN_STYLE = Automatic;
				CURRENT_PROJECT_VERSION = 1;
				GENERATE_INFOPLIST_FILE = YES;
				MARKETING_VERSION = 1.0;
				PRODUCT_BUNDLE_IDENTIFIER = test.NetflixCloneUITests;
				PRODUCT_NAME = "$(TARGET_NAME)";
				SWIFT_EMIT_LOC_STRINGS = NO;
				SWIFT_VERSION = 5.0;
				TARGETED_DEVICE_FAMILY = "1,2";
				TEST_TARGET_NAME = NetflixClone;
			};
			name = Debug;
		};
		9B459D2C2B497E0D00BEEF7E /* Release */ = {
			isa = XCBuildConfiguration;
			buildSettings = {
				ALWAYS_EMBED_SWIFT_STANDARD_LIBRARIES = YES;
				CODE_SIGN_STYLE = Automatic;
				CURRENT_PROJECT_VERSION = 1;
				GENERATE_INFOPLIST_FILE = YES;
				MARKETING_VERSION = 1.0;
				PRODUCT_BUNDLE_IDENTIFIER = test.NetflixCloneUITests;
				PRODUCT_NAME = "$(TARGET_NAME)";
				SWIFT_EMIT_LOC_STRINGS = NO;
				SWIFT_VERSION = 5.0;
				TARGETED_DEVICE_FAMILY = "1,2";
				TEST_TARGET_NAME = NetflixClone;
			};
			name = Release;
		};
/* End XCBuildConfiguration section */

/* Begin XCConfigurationList section */
		9B459CF52B497E0B00BEEF7E /* Build configuration list for PBXProject "NetflixClone" */ = {
			isa = XCConfigurationList;
			buildConfigurations = (
				9B459D222B497E0D00BEEF7E /* Debug */,
				9B459D232B497E0D00BEEF7E /* Release */,
			);
			defaultConfigurationIsVisible = 0;
			defaultConfigurationName = Release;
		};
		9B459D242B497E0D00BEEF7E /* Build configuration list for PBXNativeTarget "NetflixClone" */ = {
			isa = XCConfigurationList;
			buildConfigurations = (
				9B459D252B497E0D00BEEF7E /* Debug */,
				9B459D262B497E0D00BEEF7E /* Release */,
			);
			defaultConfigurationIsVisible = 0;
			defaultConfigurationName = Release;
		};
		9B459D272B497E0D00BEEF7E /* Build configuration list for PBXNativeTarget "NetflixCloneTests" */ = {
			isa = XCConfigurationList;
			buildConfigurations = (
				9B459D282B497E0D00BEEF7E /* Debug */,
				9B459D292B497E0D00BEEF7E /* Release */,
			);
			defaultConfigurationIsVisible = 0;
			defaultConfigurationName = Release;
		};
		9B459D2A2B497E0D00BEEF7E /* Build configuration list for PBXNativeTarget "NetflixCloneUITests" */ = {
			isa = XCConfigurationList;
			buildConfigurations = (
				9B459D2B2B497E0D00BEEF7E /* Debug */,
				9B459D2C2B497E0D00BEEF7E /* Release */,
			);
			defaultConfigurationIsVisible = 0;
			defaultConfigurationName = Release;
		};
/* End XCConfigurationList section */
	};
	rootObject = 9B459CF22B497E0B00BEEF7E /* Project object */;
}
